
Microsoft Visual Studio Solution File, Format Version 12.00
# Visual Studio Version 17
VisualStudioVersion = 17.4.33110.190
MinimumVisualStudioVersion = 10.0.40219.1
Project("{9A19103F-16F7-4668-BE54-9A1E7A4F7556}") = "ConsoleApp1", "ConsoleApp1\ConsoleApp1.csproj", "{9AF3D918-90FB-47E9-85B6-87DA8D582B13}"
EndProject
Project("{9A19103F-16F7-4668-BE54-9A1E7A4F7556}") = "FAMILY_TREE", "FAMILY_TREE\FAMILY_TREE.csproj", "{7DBF7647-731E-4BFC-8A59-5169B28D9CB8}"
EndProject
Project("{9A19103F-16F7-4668-BE54-9A1E7A4F7556}") = "CONNECTION_FACTORY", "CONNECTION_FACTORY\CONNECTION_FACTORY.csproj", "{FA3EF0FD-43D7-45E1-B670-AA2DC2D6E4B1}"
EndProject
Project("{9A19103F-16F7-4668-BE54-9A1E7A4F7556}") = "REPOSITORIES", "REPOSITORIES\REPOSITORIES.csproj", "{5FC2347A-A7EC-4A8E-8D0A-C2353AA364CF}"
EndProject
Project("{9A19103F-16F7-4668-BE54-9A1E7A4F7556}") = "BASES", "BASES\BASES.csproj", "{CD3D3638-65EF-43D2-B7E1-FEFA094BD3F9}"
EndProject
Project("{9A19103F-16F7-4668-BE54-9A1E7A4F7556}") = "COMMON", "COMMON\COMMON.csproj", "{B64B6416-F198-45E4-999B-F0995D699AB6}"
EndProject
Project("{9A19103F-16F7-4668-BE54-9A1E7A4F7556}") = "SERVICES", "SERVICES\SERVICES.csproj", "{95A59FEC-F0E1-42C8-A3F7-B5DDB16B92D8}"
EndProject
Project("{FAE04EC0-301F-11D3-BF4B-00C04F79EFBC}") = "ENTITIES", "ENTITIES\ENTITIES.csproj", "{BB94D26B-ED8A-422D-A087-31CABCA8A6E8}"
EndProject
Global
	GlobalSection(SolutionConfigurationPlatforms) = preSolution
		Debug|Any CPU = Debug|Any CPU
		Release|Any CPU = Release|Any CPU
	EndGlobalSection
	GlobalSection(ProjectConfigurationPlatforms) = postSolution
		{9AF3D918-90FB-47E9-85B6-87DA8D582B13}.Debug|Any CPU.ActiveCfg = Debug|Any CPU
		{9AF3D918-90FB-47E9-85B6-87DA8D582B13}.Debug|Any CPU.Build.0 = Debug|Any CPU
		{9AF3D918-90FB-47E9-85B6-87DA8D582B13}.Release|Any CPU.ActiveCfg = Release|Any CPU
		{9AF3D918-90FB-47E9-85B6-87DA8D582B13}.Release|Any CPU.Build.0 = Release|Any CPU
		{7DBF7647-731E-4BFC-8A59-5169B28D9CB8}.Debug|Any CPU.ActiveCfg = Debug|Any CPU
		{7DBF7647-731E-4BFC-8A59-5169B28D9CB8}.Debug|Any CPU.Build.0 = Debug|Any CPU
		{7DBF7647-731E-4BFC-8A59-5169B28D9CB8}.Release|Any CPU.ActiveCfg = Release|Any CPU
		{7DBF7647-731E-4BFC-8A59-5169B28D9CB8}.Release|Any CPU.Build.0 = Release|Any CPU
		{FA3EF0FD-43D7-45E1-B670-AA2DC2D6E4B1}.Debug|Any CPU.ActiveCfg = Debug|Any CPU
		{FA3EF0FD-43D7-45E1-B670-AA2DC2D6E4B1}.Debug|Any CPU.Build.0 = Debug|Any CPU
		{FA3EF0FD-43D7-45E1-B670-AA2DC2D6E4B1}.Release|Any CPU.ActiveCfg = Release|Any CPU
		{FA3EF0FD-43D7-45E1-B670-AA2DC2D6E4B1}.Release|Any CPU.Build.0 = Release|Any CPU
		{5FC2347A-A7EC-4A8E-8D0A-C2353AA364CF}.Debug|Any CPU.ActiveCfg = Debug|Any CPU
		{5FC2347A-A7EC-4A8E-8D0A-C2353AA364CF}.Debug|Any CPU.Build.0 = Debug|Any CPU
		{5FC2347A-A7EC-4A8E-8D0A-C2353AA364CF}.Release|Any CPU.ActiveCfg = Release|Any CPU
		{5FC2347A-A7EC-4A8E-8D0A-C2353AA364CF}.Release|Any CPU.Build.0 = Release|Any CPU
		{CD3D3638-65EF-43D2-B7E1-FEFA094BD3F9}.Debug|Any CPU.ActiveCfg = Debug|Any CPU
		{CD3D3638-65EF-43D2-B7E1-FEFA094BD3F9}.Debug|Any CPU.Build.0 = Debug|Any CPU
		{CD3D3638-65EF-43D2-B7E1-FEFA094BD3F9}.Release|Any CPU.ActiveCfg = Release|Any CPU
		{CD3D3638-65EF-43D2-B7E1-FEFA094BD3F9}.Release|Any CPU.Build.0 = Release|Any CPU
		{B64B6416-F198-45E4-999B-F0995D699AB6}.Debug|Any CPU.ActiveCfg = Debug|Any CPU
		{B64B6416-F198-45E4-999B-F0995D699AB6}.Debug|Any CPU.Build.0 = Debug|Any CPU
		{B64B6416-F198-45E4-999B-F0995D699AB6}.Release|Any CPU.ActiveCfg = Release|Any CPU
		{B64B6416-F198-45E4-999B-F0995D699AB6}.Release|Any CPU.Build.0 = Release|Any CPU
		{95A59FEC-F0E1-42C8-A3F7-B5DDB16B92D8}.Debug|Any CPU.ActiveCfg = Debug|Any CPU
		{95A59FEC-F0E1-42C8-A3F7-B5DDB16B92D8}.Debug|Any CPU.Build.0 = Debug|Any CPU
		{95A59FEC-F0E1-42C8-A3F7-B5DDB16B92D8}.Release|Any CPU.ActiveCfg = Release|Any CPU
		{95A59FEC-F0E1-42C8-A3F7-B5DDB16B92D8}.Release|Any CPU.Build.0 = Release|Any CPU
		{BB94D26B-ED8A-422D-A087-31CABCA8A6E8}.Debug|Any CPU.ActiveCfg = Debug|Any CPU
		{BB94D26B-ED8A-422D-A087-31CABCA8A6E8}.Debug|Any CPU.Build.0 = Debug|Any CPU
		{BB94D26B-ED8A-422D-A087-31CABCA8A6E8}.Release|Any CPU.ActiveCfg = Release|Any CPU
		{BB94D26B-ED8A-422D-A087-31CABCA8A6E8}.Release|Any CPU.Build.0 = Release|Any CPU
	EndGlobalSection
	GlobalSection(SolutionProperties) = preSolution
		HideSolutionNode = FALSE
	EndGlobalSection
	GlobalSection(ExtensibilityGlobals) = postSolution
		SolutionGuid = {82A5A028-5929-4F6D-92AF-9E0F41FE02CD}
	EndGlobalSection
EndGlobal
